version = 1
revision = 3
requires-python = ">=3.13"

[[package]]
name = "blender-addon"
version = "0.1.0"
source = { virtual = "." }
dependencies = [
    { name = "fake-bpy-module" },
]

[package.metadata]
requires-dist = [{ name = "fake-bpy-module", specifier = ">=20260407" }]

[[package]]
name = "fake-bpy-module"
version = "20260930"
source = { registry = "https://pypi.org/simple" }
sdist = { url = "https://files.pythonhosted.org/packages/68/fb/aa653d30c3a3ffcfccd59afe8b15422c7080301fd437349a314306d38d33/fake_bpy_module-20260930.tar.gz", hash = "sha256:93bfa9f6be1348e021e579705bd8c19405028a5d473a9a25f8ef8846b18f27e3", size = 968958, upload-time = "2026-09-30T11:34:00.75Z" }
wheels = [
    { url = "https://files.pythonhosted.org/packages/68/14/3ef59395af540027c86e7c7e051a1293505b9b127e25405c7c17c3f9bc1e/fake_bpy_module-20260930-py3-none-any.whl", hash = "sha256:45b30ebcf4afe5f8b7b940d490a08b55fbf596237342d6fada99b0df011b5146", size = 1116514, upload-time = "2026-09-30T11:33:59.102Z" },
]
