version = 1
revision = 5
requires-python = ">=3.13"

[[package]]
name = "blender-addon"
version = "0.1.0"
source = { virtual = "." }
dependencies = [
    { name = "fake-bpy-module" },
]

[package.metadata]
requires-dist = [{ name = "fake-bpy-module", specifier = ">=20260407" }]

[[package]]
name = "fake-bpy-module"
version = "20261005"
source = { registry = "https://pypi.org/simple" }
sdist = { url = "https://files.pythonhosted.org/packages/0f/5a/76bb9dc16539e91fdc2ab43ea7f6c615ee2ccc89ce599bc28461d27bcb9e/fake_bpy_module-20261005.tar.gz", hash = "sha256:d742dad3d7acd8d7218e76d61d591a5e4ef2e905b8235559075975fc7fa23cd6", size = 969031, upload-time = "2026-10-05T12:56:22.636Z" }
wheels = [
    { url = "https://files.pythonhosted.org/packages/1c/3e/cffd16e08ca4465d487ba40652c5a039ac01a0d7365c79ffca006f4410f4/fake_bpy_module-20261005-py3-none-any.whl", hash = "sha256:aebf8dfe074350389afb0d8370a4f5f42a8efb9bf567fd2cb9da4aada22a2020", size = 1117082, upload-time = "2026-10-05T12:56:20.853Z" },
]
